// !$*UTF8*$!
{
	archiveVersion = 1;
	classes = {
	};
	objectVersion = 46;
	objects = {

/* Begin PBXBuildFile section */
		369953631CB267D500F8E764 /* AppDelegate.swift in Sources */ = {isa = PBXBuildFile; fileRef = 369953621CB267D500F8E764 /* AppDelegate.swift */; };
		369953651CB267D500F8E764 /* ViewController.swift in Sources */ = {isa = PBXBuildFile; fileRef = 369953641CB267D500F8E764 /* ViewController.swift */; };
		369953681CB267D500F8E764 /* Main.storyboard in Resources */ = {isa = PBXBuildFile; fileRef = 369953661CB267D500F8E764 /* Main.storyboard */; };
		3699536A1CB267D500F8E764 /* Assets.xcassets in Resources */ = {isa = PBXBuildFile; fileRef = 369953691CB267D500F8E764 /* Assets.xcassets */; };
		3699536D1CB267D500F8E764 /* LaunchScreen.storyboard in Resources */ = {isa = PBXBuildFile; fileRef = 3699536B1CB267D500F8E764 /* LaunchScreen.storyboard */; };
/* End PBXBuildFile section */

/* Begin PBXFileReference section */
		3699535F1CB267D500F8E764 /* TranslucentNavigationController.app */ = {isa = PBXFileReference; explicitFileType = wrapper.application; includeInIndex = 0; path = TranslucentNavigationController.app; sourceTree = BUILT_PRODUCTS_DIR; };
		369953621CB267D500F8E764 /* AppDelegate.swift */ = {isa = PBXFileReference; lastKnownFileType = sourcecode.swift; path = AppDelegate.swift; sourceTree = "<group>"; };
		369953641CB267D500F8E764 /* ViewController.swift */ = {isa = PBXFileReference; lastKnownFileType = sourcecode.swift; path = ViewController.swift; sourceTree = "<group>"; };
		369953671CB267D500F8E764 /* Base */ = {isa = PBXFileReference; lastKnownFileType = file.storyboard; name = Base; path = Base.lproj/Main.storyboard; sourceTree = "<group>"; };
		369953691CB267D500F8E764 /* Assets.xcassets */ = {isa = PBXFileReference; lastKnownFileType = folder.assetcatalog; path = Assets.xcassets; sourceTree = "<group>"; };
		3699536C1CB267D500F8E764 /* Base */ = {isa = PBXFileReference; lastKnownFileType = file.storyboard; name = Base; path = Base.lproj/LaunchScreen.storyboard; sourceTree = "<group>"; };
		3699536E1CB267D500F8E764 /* Info.plist */ = {isa = PBXFileReference; lastKnownFileType = text.plist.xml; path = Info.plist; sourceTree = "<group>"; };
/* End PBXFileReference section */

/* Begin PBXFrameworksBuildPhase section */
		3699535C1CB267D500F8E764 /* Frameworks */ = {
			isa = PBXFrameworksBuildPhase;
			buildActionMask = 2147483647;
			files = (
			);
			runOnlyForDeploymentPostprocessing = 0;
		};
/* End PBXFrameworksBuildPhase section */

/* Begin PBXGroup section */
		369953561CB267D500F8E764 = {
			isa = PBXGroup;
			children = (
				369953611CB267D500F8E764 /* TranslucentNavigationController */,
				369953601CB267D500F8E764 /* Products */,
			);
			sourceTree = "<group>";
		};
		369953601CB267D500F8E764 /* Products */ = {
			isa = PBXGroup;
			children = (
				3699535F1CB267D500F8E764 /* TranslucentNavigationController.app */,
			);
			name = Products;
			sourceTree = "<group>";
		};
		369953611CB267D500F8E764 /* TranslucentNavigationController */ = {
			isa = PBXGroup;
			children = (
				369953621CB267D500F8E764 /* AppDelegate.swift */,
				369953641CB267D500F8E764 /* ViewController.swift */,
				369953661CB267D500F8E764 /* Main.storyboard */,
				369953691CB267D500F8E764 /* Assets.xcassets */,
				3699536B1CB267D500F8E764 /* LaunchScreen.storyboard */,
				3699536E1CB267D500F8E764 /* Info.plist */,
			);
			path = TranslucentNavigationController;
			sourceTree = "<group>";
		};
/* End PBXGroup section */

/* Begin PBXNativeTarget section */
		3699535E1CB267D500F8E764 /* TranslucentNavigationController */ = {
			isa = PBXNativeTarget;
			buildConfigurationList = 369953711CB267D500F8E764 /* Build configuration list for PBXNativeTarget "TranslucentNavigationController" */;
			buildPhases = (
				3699535B1CB267D500F8E764 /* Sources */,
				3699535C1CB267D500F8E764 /* Frameworks */,
				3699535D1CB267D500F8E764 /* Resources */,
			);
			buildRules = (
			);
			dependencies = (
			);
			name = TranslucentNavigationController;
			productName = TranslucentNavigationController;
			productReference = 3699535F1CB267D500F8E764 /* TranslucentNavigationController.app */;
			productType = "com.apple.product-type.application";
		};
/* End PBXNativeTarget section */

/* Begin PBXProject section */
		369953571CB267D500F8E764 /* Project object */ = {
			isa = PBXProject;
			attributes = {
				LastSwiftUpdateCheck = 0730;
				LastUpgradeCheck = 0730;
				TargetAttributes = {
					3699535E1CB267D500F8E764 = {
						CreatedOnToolsVersion = 7.3;
					};
				};
			};
			buildConfigurationList = 3699535A1CB267D500F8E764 /* Build configuration list for PBXProject "TranslucentNavigationController" */;
			compatibilityVersion = "Xcode 3.2";
			developmentRegion = English;
			hasScannedForEncodings = 0;
			knownRegions = (
				en,
				Base,
			);
			mainGroup = 369953561CB267D500F8E764;
			productRefGroup = 369953601CB267D500F8E764 /* Products */;
			projectDirPath = "";
			projectRoot = "";
			targets = (
				3699535E1CB267D500F8E764 /* TranslucentNavigationController */,
			);
		};
/* End PBXProject section */

/* Begin PBXResourcesBuildPhase section */
		3699535D1CB267D500F8E764 /* Resources */ = {
			isa = PBXResourcesBuildPhase;
			buildActionMask = 2147483647;
			files = (
				3699536D1CB267D500F8E764 /* LaunchScreen.storyboard in Resources */,
				3699536A1CB267D500F8E764 /* Assets.xcassets in Resources */,
				369953681CB267D500F8E764 /* Main.storyboard in Resources */,
			);
			runOnlyForDeploymentPostprocessing = 0;
		};
/* End PBXResourcesBuildPhase section */

/* Begin PBXSourcesBuildPhase section */
		3699535B1CB267D500F8E764 /* Sources */ = {
			isa = PBXSourcesBuildPhase;
			buildActionMask = 2147483647;
			files = (
				369953651CB267D500F8E764 /* ViewController.swift in Sources */,
				369953631CB267D500F8E764 /* AppDelegate.swift in Sources */,
			);
			runOnlyForDeploymentPostprocessing = 0;
		};
/* End PBXSourcesBuildPhase section */

/* Begin PBXVariantGroup section */
		369953661CB267D500F8E764 /* Main.storyboard */ = {
			isa = PBXVariantGroup;
			children = (
				369953671CB267D500F8E764 /* Base */,
			);
			name = Main.storyboard;
			sourceTree = "<group>";
		};
		3699536B1CB267D500F8E764 /* LaunchScreen.storyboard */ = {
			isa = PBXVariantGroup;
			children = (
				3699536C1CB267D500F8E764 /* Base */,
			);
			name = LaunchScreen.storyboard;
			sourceTree = "<group>";
		};
/* End PBXVariantGroup section */

/* Begin XCBuildConfiguration section */
		3699536F1CB267D500F8E764 /* Debug */ = {
			isa = XCBuildConfiguration;
			buildSettings = {
				ALWAYS_SEARCH_USER_PATHS = NO;
				CLANG_ANALYZER_NONNULL = YES;
				CLANG_CXX_LANGUAGE_STANDARD = "gnu++0x";
				CLANG_CXX_LIBRARY = "libc++";
				CLANG_ENABLE_MODULES = YES;
				CLANG_ENABLE_OBJC_ARC = YES;
				CLANG_WARN_BOOL_CONVERSION = YES;
				CLANG_WARN_CONSTANT_CONVERSION = YES;
				CLANG_WARN_DIRECT_OBJC_ISA_USAGE = YES_ERROR;
				CLANG_WARN_EMPTY_BODY = YES;
				CLANG_WARN_ENUM_CONVERSION = YES;
				CLANG_WARN_INT_CONVERSION = YES;
				CLANG_WARN_OBJC_ROOT_CLASS = YES_ERROR;
				CLANG_WARN_UNREACHABLE_CODE = YES;
				CLANG_WARN__DUPLICATE_METHOD_MATCH = YES;
				"CODE_SIGN_IDENTITY[sdk=iphoneos*]" = "iPhone Developer";
				COPY_PHASE_STRIP = NO;
				DEBUG_INFORMATION_FORMAT = dwarf;
				ENABLE_STRICT_OBJC_MSGSEND = YES;
				ENABLE_TESTABILITY = YES;
				GCC_C_LANGUAGE_STANDARD = gnu99;
				GCC_DYNAMIC_NO_PIC = NO;
				GCC_NO_COMMON_BLOCKS = YES;
				GCC_OPTIMIZATION_LEVEL = 0;
				GCC_PREPROCESSOR_DEFINITIONS = (
					"DEBUG=1",
					"$(inherited)",
				);
				GCC_WARN_64_TO_32_BIT_CONVERSION = YES;
				GCC_WARN_ABOUT_RETURN_TYPE = YES_ERROR;
				GCC_WARN_UNDECLARED_SELECTOR = YES;
				GCC_WARN_UNINITIALIZED_AUTOS = YES_AGGRESSIVE;
				GCC_WARN_UNUSED_FUNCTION = YES;
				GCC_WARN_UNUSED_VARIABLE = YES;
				IPHONEOS_DEPLOYMENT_TARGET = 9.3;
				MTL_ENABLE_DEBUG_INFO = YES;
				ONLY_ACTIVE_ARCH = YES;
				SDKROOT = iphoneos;
				SWIFT_OPTIMIZATION_LEVEL = "-Onone";
			};
			name = Debug;
		};
		369953701CB267D500F8E764 /* Release */ = {
			isa = XCBuildConfiguration;
			buildSettings = {
				ALWAYS_SEARCH_USER_PATHS = NO;
				CLANG_ANALYZER_NONNULL = YES;
				CLANG_CXX_LANGUAGE_STANDARD = "gnu++0x";
				CLANG_CXX_LIBRARY = "libc++";
				CLANG_ENABLE_MODULES = YES;
				CLANG_ENABLE_OBJC_ARC = YES;
				CLANG_WARN_BOOL_CONVERSION = YES;
				CLANG_WARN_CONSTANT_CONVERSION = YES;
				CLANG_WARN_DIRECT_OBJC_ISA_USAGE = YES_ERROR;
				CLANG_WARN_EMPTY_BODY = YES;
				CLANG_WARN_ENUM_CONVERSION = YES;
				CLANG_WARN_INT_CONVERSION = YES;
				CLANG_WARN_OBJC_ROOT_CLASS = YES_ERROR;
				CLANG_WARN_UNREACHABLE_CODE = YES;
				CLANG_WARN__DUPLICATE_METHOD_MATCH = YES;
				"CODE_SIGN_IDENTITY[sdk=iphoneos*]" = "iPhone Developer";
				COPY_PHASE_STRIP = NO;
				DEBUG_INFORMATION_FORMAT = "dwarf-with-dsym";
				ENABLE_NS_ASSERTIONS = NO;
				ENABLE_STRICT_OBJC_MSGSEND = YES;
				GCC_C_LANGUAGE_STANDARD = gnu99;
				GCC_NO_COMMON_BLOCKS = YES;
				GCC_WARN_64_TO_32_BIT_CONVERSION = YES;
				GCC_WARN_ABOUT_RETURN_TYPE = YES_ERROR;
				GCC_WARN_UNDECLARED_SELECTOR = YES;
				GCC_WARN_UNINITIALIZED_AUTOS = YES_AGGRESSIVE;
				GCC_WARN_UNUSED_FUNCTION = YES;
				GCC_WARN_UNUSED_VARIABLE = YES;
				IPHONEOS_DEPLOYMENT_TARGET = 9.3;
				MTL_ENABLE_DEBUG_INFO = NO;
				SDKROOT = iphoneos;
				VALIDATE_PRODUCT = YES;
			};
			name = Release;
		};
		369953721CB267D500F8E764 /* Debug */ = {
			isa = XCBuildConfiguration;
			buildSettings = {
				ASSETCATALOG_COMPILER_APPICON_NAME = AppIcon;
				INFOPLIST_FILE = TranslucentNavigationController/Info.plist;
				LD_RUNPATH_SEARCH_PATHS = "$(inherited) @executable_path/Frameworks";
				PRODUCT_BUNDLE_IDENTIFIER = "http---www.jianshu.com-users-0fff92a6af63-latest-articles.TranslucentNavigationController";
				PRODUCT_NAME = "$(TARGET_NAME)";
			};
			name = Debug;
		};
		369953731CB267D500F8E764 /* Release */ = {
			isa = XCBuildConfiguration;
			buildSettings = {
				ASSETCATALOG_COMPILER_APPICON_NAME = AppIcon;
				INFOPLIST_FILE = TranslucentNavigationController/Info.plist;
				LD_RUNPATH_SEARCH_PATHS = "$(inherited) @executable_path/Frameworks";
				PRODUCT_BUNDLE_IDENTIFIER = "http---www.jianshu.com-users-0fff92a6af63-latest-articles.TranslucentNavigationController";
				PRODUCT_NAME = "$(TARGET_NAME)";
			};
			name = Release;
		};
/* End XCBuildConfiguration section */

/* Begin XCConfigurationList section */
		3699535A1CB267D500F8E764 /* Build configuration list for PBXProject "TranslucentNavigationController" */ = {
			isa = XCConfigurationList;
			buildConfigurations = (
				3699536F1CB267D500F8E764 /* Debug */,
				369953701CB267D500F8E764 /* Release */,
			);
			defaultConfigurationIsVisible = 0;
			defaultConfigurationName = Release;
		};
		369953711CB267D500F8E764 /* Build configuration list for PBXNativeTarget "TranslucentNavigationController" */ = {
			isa = XCConfigurationList;
			buildConfigurations = (
				369953721CB267D500F8E764 /* Debug */,
				369953731CB267D500F8E764 /* Release */,
			);
			defaultConfigurationIsVisible = 0;
		};
/* End XCConfigurationList section */
	};
	rootObject = 369953571CB267D500F8E764 /* Project object */;
}
